<?xml version="1.0" encoding="utf-8"?>
<Project ToolsVersion="4.0" xmlns="http://schemas.microsoft.com/developer/msbuild/2003">
  <ItemGroup>
    <Filter Include="Source Files">
      <UniqueIdentifier>{4FC737F1-C7A5-4376-A066-2A32D752A2FF}</UniqueIdentifier>
      <Extensions>qml;cpp;c;cc;cxx;def;odl;idl;hpj;bat;asm;asmx</Extensions>
    </Filter>
    <Filter Include="Header Files">
      <UniqueIdentifier>{93995380-89BD-4b04-88EB-625FBE52EBFB}</UniqueIdentifier>
      <Extensions>h;hh;hpp;hxx;hm;inl;inc;xsd</Extensions>
    </Filter>
    <Filter Include="Resource Files">
      <UniqueIdentifier>{67DA6AB6-F800-4c08-8B7A-83BB121AAD01}</UniqueIdentifier>
      <Extensions>qrc;rc;ico;cur;bmp;dlg;rc2;rct;bin;rgs;gif;jpg;jpeg;jpe;resx;tiff;tif;png;wav;mfcribbon-ms</Extensions>
    </Filter>
    <Filter Include="Form Files">
      <UniqueIdentifier>{99349809-55BA-4b9d-BF79-8FDBB0286EB3}</UniqueIdentifier>
      <Extensions>ui</Extensions>
    </Filter>
    <Filter Include="Translation Files">
      <UniqueIdentifier>{639EADAA-A684-42e4-A9AD-28FC9BCB8F7C}</UniqueIdentifier>
      <Extensions>ts</Extensions>
    </Filter>
    <Filter Include="Source Files\Model">
      <UniqueIdentifier>{a67205fc-2947-4b80-b33e-b264e07ae80a}</UniqueIdentifier>
    </Filter>
    <Filter Include="Source Files\ViewModel">
      <UniqueIdentifier>{08a49ec2-8d00-47be-9c2a-6ce8d7ad6052}</UniqueIdentifier>
    </Filter>
    <Filter Include="Source Files\View">
      <UniqueIdentifier>{d8964061-4819-430b-af2a-c1480f338b45}</UniqueIdentifier>
    </Filter>
  </ItemGroup>
  <ItemGroup>
    <ClCompile Include="code\main.cpp">
      <Filter>Source Files</Filter>
    </ClCompile>
    <ClCompile Include="code\common.cpp">
      <Filter>Source Files</Filter>
    </ClCompile>
    <ClCompile Include="code\view_model\translator.cpp">
      <Filter>Source Files\ViewModel</Filter>
    </ClCompile>
    <ClCompile Include="code\view\myCppDoc.cpp">
      <Filter>Source Files\View</Filter>
    </ClCompile>
    <ClCompile Include="code\view\drawArea.cpp">
      <Filter>Source Files\View</Filter>
    </ClCompile>
    <ClCompile Include="code\view_model\runtimeEvents.cpp">
      <Filter>Source Files\ViewModel</Filter>
    </ClCompile>
    <ClCompile Include="code\model\parser.cpp">
      <Filter>Source Files\Model</Filter>
    </ClCompile>
    <ClCompile Include="code\model\cppFileContent.cpp">
      <Filter>Source Files</Filter>
    </ClCompile>
    <ClCompile Include="code\model\macroExpander.cpp">
      <Filter>Source Files</Filter>
    </ClCompile>
    <ClCompile Include="code\model\classRelationGenerator.cpp">
      <Filter>Source Files</Filter>
    </ClCompile>
  </ItemGroup>
  <ItemGroup>
    <QtRcc Include="textures\myCppDoc.qrc">
      <Filter>Resource Files</Filter>
    </QtRcc>
  </ItemGroup>
  <ItemGroup>
    <ResourceCompile Include="textures\myCppDoc.rc">
      <Filter>Resource Files</Filter>
    </ResourceCompile>
  </ItemGroup>
  <ItemGroup>
    <ClInclude Include="code\header files\common.h">
      <Filter>Header Files</Filter>
    </ClInclude>
    <ClInclude Include="code\header files\translator.h">
      <Filter>Header Files</Filter>
    </ClInclude>
    <ClInclude Include="code\header files\model\parser.h">
      <Filter>Header Files</Filter>
    </ClInclude>
    <ClInclude Include="code\header files\model\cppFileContent.h">
      <Filter>Header Files</Filter>
    </ClInclude>
    <ClInclude Include="code\header files\model\classRelationGenerator.h">
      <Filter>Header Files</Filter>
    </ClInclude>
    <ClInclude Include="code\header files\model\macroExpander.h">
      <Filter>Header Files</Filter>
    </ClInclude>
    <ClInclude Include="code\header files\cmFunctions.h">
      <Filter>Header Files</Filter>
    </ClInclude>
    <ClInclude Include="code\header files\parser.h">
      <Filter>Header Files</Filter>
    </ClInclude>
  </ItemGroup>
  <ItemGroup>
    <QtMoc Include="code\header files\drawArea.h">
      <Filter>Header Files</Filter>
    </QtMoc>
    <QtMoc Include="code\header files\myCppDoc.h">
      <Filter>Header Files</Filter>
    </QtMoc>
  </ItemGroup>
</Project>